
Microsoft Visual Studio Solution File, Format Version 12.00
Project("{FAE04EC0-301F-11D3-BF4B-00C04F79EFBC}") = "Host", "Host\Host.csproj", "{52BC67AC-B817-4671-A29C-65C8B93D032D}"
EndProject
Project("{2150E333-8FDC-42A3-9474-1A3956D46DE8}") = "tests", "tests", "{E6F45B15-D18C-42FC-8D76-B7FC897B6A3C}"
EndProject
Project("{FAE04EC0-301F-11D3-BF4B-00C04F79EFBC}") = "Domain.Entities", "Domain.Entities\Domain.Entities.csproj", "{D7C5697D-6CCC-461D-B0B7-7518012BFE62}"
EndProject
Project("{FAE04EC0-301F-11D3-BF4B-00C04F79EFBC}") = "Domain.Ports", "Domain.Ports\Domain.Ports.csproj", "{A559EEB1-5107-4A3C-ACBF-ED6ACE873388}"
EndProject
Project("{FAE04EC0-301F-11D3-BF4B-00C04F79EFBC}") = "Application", "Application\Application.csproj", "{E00370E6-CB82-4F43-AE94-B66768A2639C}"
EndProject
Project("{FAE04EC0-301F-11D3-BF4B-00C04F79EFBC}") = "Infra.Adapters", "Infra.Adapters\Infra.Adapters.csproj", "{25AFB0B3-DD1B-4C89-B128-269E2DB74FDB}"
EndProject
Project("{FAE04EC0-301F-11D3-BF4B-00C04F79EFBC}") = "Common", "Common\Common.csproj", "{79B28732-E582-410D-8F85-8BEA4862254A}"
EndProject
Project("{FAE04EC0-301F-11D3-BF4B-00C04F79EFBC}") = "Application.API", "Application.API\Application.API.csproj", "{E783D9B2-B404-4234-B005-B4CCA724FFDE}"
EndProject
Project("{2150E333-8FDC-42A3-9474-1A3956D46DE8}") = "application", "application", "{796E272E-DB5B-4420-9488-D5947A05C9AD}"
EndProject
Project("{2150E333-8FDC-42A3-9474-1A3956D46DE8}") = "domain", "domain", "{5AB16598-8546-4324-AEC2-358E44C53AD8}"
EndProject
Project("{2150E333-8FDC-42A3-9474-1A3956D46DE8}") = "infrastructure", "infrastructure", "{F7FB5873-D53F-44EC-8042-C3EC5EC209EC}"
EndProject
Project("{2150E333-8FDC-42A3-9474-1A3956D46DE8}") = "generic", "generic", "{FA1F2A77-52C6-4FFB-833B-4746145988DA}"
EndProject
Global
	GlobalSection(SolutionConfigurationPlatforms) = preSolution
		Debug|Any CPU = Debug|Any CPU
		Release|Any CPU = Release|Any CPU
	EndGlobalSection
	GlobalSection(ProjectConfigurationPlatforms) = postSolution
		{52BC67AC-B817-4671-A29C-65C8B93D032D}.Debug|Any CPU.ActiveCfg = Debug|Any CPU
		{52BC67AC-B817-4671-A29C-65C8B93D032D}.Debug|Any CPU.Build.0 = Debug|Any CPU
		{52BC67AC-B817-4671-A29C-65C8B93D032D}.Release|Any CPU.ActiveCfg = Release|Any CPU
		{52BC67AC-B817-4671-A29C-65C8B93D032D}.Release|Any CPU.Build.0 = Release|Any CPU
		{D7C5697D-6CCC-461D-B0B7-7518012BFE62}.Debug|Any CPU.ActiveCfg = Debug|Any CPU
		{D7C5697D-6CCC-461D-B0B7-7518012BFE62}.Debug|Any CPU.Build.0 = Debug|Any CPU
		{D7C5697D-6CCC-461D-B0B7-7518012BFE62}.Release|Any CPU.ActiveCfg = Release|Any CPU
		{D7C5697D-6CCC-461D-B0B7-7518012BFE62}.Release|Any CPU.Build.0 = Release|Any CPU
		{A559EEB1-5107-4A3C-ACBF-ED6ACE873388}.Debug|Any CPU.ActiveCfg = Debug|Any CPU
		{A559EEB1-5107-4A3C-ACBF-ED6ACE873388}.Debug|Any CPU.Build.0 = Debug|Any CPU
		{A559EEB1-5107-4A3C-ACBF-ED6ACE873388}.Release|Any CPU.ActiveCfg = Release|Any CPU
		{A559EEB1-5107-4A3C-ACBF-ED6ACE873388}.Release|Any CPU.Build.0 = Release|Any CPU
		{E00370E6-CB82-4F43-AE94-B66768A2639C}.Debug|Any CPU.ActiveCfg = Debug|Any CPU
		{E00370E6-CB82-4F43-AE94-B66768A2639C}.Debug|Any CPU.Build.0 = Debug|Any CPU
		{E00370E6-CB82-4F43-AE94-B66768A2639C}.Release|Any CPU.ActiveCfg = Release|Any CPU
		{E00370E6-CB82-4F43-AE94-B66768A2639C}.Release|Any CPU.Build.0 = Release|Any CPU
		{25AFB0B3-DD1B-4C89-B128-269E2DB74FDB}.Debug|Any CPU.ActiveCfg = Debug|Any CPU
		{25AFB0B3-DD1B-4C89-B128-269E2DB74FDB}.Debug|Any CPU.Build.0 = Debug|Any CPU
		{25AFB0B3-DD1B-4C89-B128-269E2DB74FDB}.Release|Any CPU.ActiveCfg = Release|Any CPU
		{25AFB0B3-DD1B-4C89-B128-269E2DB74FDB}.Release|Any CPU.Build.0 = Release|Any CPU
		{79B28732-E582-410D-8F85-8BEA4862254A}.Debug|Any CPU.ActiveCfg = Debug|Any CPU
		{79B28732-E582-410D-8F85-8BEA4862254A}.Debug|Any CPU.Build.0 = Debug|Any CPU
		{79B28732-E582-410D-8F85-8BEA4862254A}.Release|Any CPU.ActiveCfg = Release|Any CPU
		{79B28732-E582-410D-8F85-8BEA4862254A}.Release|Any CPU.Build.0 = Release|Any CPU
		{E783D9B2-B404-4234-B005-B4CCA724FFDE}.Debug|Any CPU.ActiveCfg = Debug|Any CPU
		{E783D9B2-B404-4234-B005-B4CCA724FFDE}.Debug|Any CPU.Build.0 = Debug|Any CPU
		{E783D9B2-B404-4234-B005-B4CCA724FFDE}.Release|Any CPU.ActiveCfg = Release|Any CPU
		{E783D9B2-B404-4234-B005-B4CCA724FFDE}.Release|Any CPU.Build.0 = Release|Any CPU
	EndGlobalSection
	GlobalSection(NestedProjects) = preSolution
		{E00370E6-CB82-4F43-AE94-B66768A2639C} = {796E272E-DB5B-4420-9488-D5947A05C9AD}
		{E783D9B2-B404-4234-B005-B4CCA724FFDE} = {796E272E-DB5B-4420-9488-D5947A05C9AD}
		{D7C5697D-6CCC-461D-B0B7-7518012BFE62} = {5AB16598-8546-4324-AEC2-358E44C53AD8}
		{A559EEB1-5107-4A3C-ACBF-ED6ACE873388} = {5AB16598-8546-4324-AEC2-358E44C53AD8}
		{25AFB0B3-DD1B-4C89-B128-269E2DB74FDB} = {F7FB5873-D53F-44EC-8042-C3EC5EC209EC}
		{79B28732-E582-410D-8F85-8BEA4862254A} = {FA1F2A77-52C6-4FFB-833B-4746145988DA}
	EndGlobalSection
EndGlobal
